# This file was autogenerated by uv via the following command:
#    uv pip compile pyproject.toml --extra vllm --python 3.12 --output-file /root/verl/requirements/vllm.lock
absl-py==2.4.0
    # via tensorboard
accelerate==1.13.0
    # via
    #   verl (pyproject.toml)
    #   peft
aiohappyeyeballs==2.6.2
    # via aiohttp
aiohttp==3.14.1
    # via
    #   aiohttp-cors
    #   fsspec
    #   ray
    #   vllm
aiohttp-cors==0.8.1
    # via ray
aiosignal==1.4.0
    # via aiohttp
annotated-doc==0.0.4
    # via
    #   fastapi
    #   typer
annotated-types==0.7.0
    # via pydantic
anthropic==0.107.1
    # via vllm
antlr4-python3-runtime==4.9.3
    # via
    #   hydra-core
    #   omegaconf
anyio==4.13.0
    # via
    #   anthropic
    #   httpx
    #   mcp
    #   openai
    #   sse-starlette
    #   starlette
    #   watchfiles
apache-tvm-ffi==0.1.9
    # via
    #   flashinfer-python
    #   quack-kernels
    #   tilelang
    #   vllm
    #   xgrammar
astor==0.8.1
    # via depyf
attrs==26.1.0
    # via
    #   aiohttp
    #   jsonschema
    #   referencing
av==17.1.0
    # via qwen-vl-utils
blake3==1.0.8
    # via vllm
cachetools==7.1.4
    # via
    #   verl (pyproject.toml)
    #   vllm
cbor2==6.1.2
    # via vllm
certifi==2026.5.20
    # via
    #   httpcore
    #   httpx
    #   requests
    #   sentry-sdk
cffi==2.0.0
    # via cryptography
charset-normalizer==3.4.7
    # via requests
click==8.4.1
    # via
    #   flashinfer-python
    #   huggingface-hub
    #   ray
    #   rich-toolkit
    #   typer
    #   uvicorn
    #   wandb
cloudpickle==3.1.2
    # via
    #   tensordict
    #   tilelang
    #   vllm
codetiming==1.4.0
    # via verl (pyproject.toml)
colorful==0.5.8
    # via ray
compressed-tensors==0.15.0.1
    # via vllm
cryptography==48.0.0
    # via
    #   google-auth
    #   pyjwt
cuda-bindings==13.3.1
    # via
    #   cuda-python
    #   torch
cuda-core==1.0.1
    # via cuda-python
cuda-pathfinder==1.5.5
    # via
    #   cuda-bindings
    #   cuda-core
    #   cuda-python
cuda-python==13.3.1
    # via nvidia-cutlass-dsl-libs-base
cuda-tile==1.4.0
    # via flashinfer-python
cuda-toolkit==13.0.2
    # via torch
datasets==5.0.0
    # via verl (pyproject.toml)
depyf==0.20.0
    # via vllm
detect-installer==0.1.0
    # via fastapi-cloud-cli
dill==0.4.1
    # via
    #   verl (pyproject.toml)
    #   datasets
    #   depyf
    #   multiprocess
diskcache==5.6.3
    # via vllm
distlib==0.4.1
    # via virtualenv
distro==1.9.0
    # via
    #   anthropic
    #   openai
dnspython==2.8.0
    # via email-validator
docstring-parser==0.18.0
    # via anthropic
einops==0.8.2
    # via
    #   flashinfer-python
    #   quack-kernels
    #   vllm
email-validator==2.3.0
    # via
    #   fastapi
    #   pydantic
fastapi==0.136.3
    # via
    #   verl (pyproject.toml)
    #   model-hosting-container-standards
    #   vllm
fastapi-cli==0.0.24
    # via fastapi
fastapi-cloud-cli==0.19.0
    # via fastapi-cli
fastar==0.11.0
    # via
    #   fastapi
    #   fastapi-cloud-cli
fastsafetensors==0.3.2
    # via vllm
filelock==3.29.1
    # via
    #   datasets
    #   huggingface-hub
    #   python-discovery
    #   ray
    #   torch
    #   virtualenv
    #   vllm
flashinfer-cubin==0.6.8.post1
    # via vllm
flashinfer-python==0.6.8.post1
    # via vllm
frozenlist==1.8.0
    # via
    #   aiohttp
    #   aiosignal
fsspec==2026.4.0
    # via
    #   datasets
    #   huggingface-hub
    #   torch
gguf==0.19.0
    # via vllm
gitdb==4.0.12
    # via gitpython
gitpython==3.1.50
    # via wandb
google-api-core==2.31.0
    # via opencensus
google-auth==2.53.0
    # via google-api-core
googleapis-common-protos==1.75.0
    # via
    #   google-api-core
    #   opentelemetry-exporter-otlp-proto-grpc
    #   opentelemetry-exporter-otlp-proto-http
grpcio==1.81.0
    # via
    #   opentelemetry-exporter-otlp-proto-grpc
    #   ray
    #   tensorboard
h11==0.16.0
    # via
    #   httpcore
    #   uvicorn
hf-xet==1.5.0
    # via huggingface-hub
httpcore==1.0.9
    # via httpx
httptools==0.8.0
    # via uvicorn
httpx==0.28.1
    # via
    #   anthropic
    #   datasets
    #   fastapi
    #   fastapi-cloud-cli
    #   huggingface-hub
    #   mcp
    #   model-hosting-container-standards
    #   openai
httpx-sse==0.4.3
    # via mcp
huggingface-hub==1.18.0
    # via
    #   accelerate
    #   datasets
    #   peft
    #   tokenizers
    #   transformers
hydra-core==1.3.2
    # via verl (pyproject.toml)
idna==3.18
    # via
    #   anyio
    #   email-validator
    #   httpx
    #   requests
    #   yarl
ijson==3.5.0
    # via vllm
importlib-metadata==9.0.0
    # via tensordict
iniconfig==2.3.0
    # via pytest
interegular==0.3.3
    # via lm-format-enforcer
jinja2==3.1.6
    # via
    #   fastapi
    #   torch
jiter==0.15.0
    # via
    #   anthropic
    #   openai
jmespath==1.1.0
    # via model-hosting-container-standards
jsonschema==4.26.0
    # via
    #   mcp
    #   mistral-common
    #   ray
jsonschema-specifications==2025.9.1
    # via jsonschema
lark==1.2.2
    # via vllm
llguidance==1.3.0
    # via vllm
llvmlite==0.47.0
    # via numba
lm-format-enforcer==0.11.3
    # via vllm
loguru==0.7.3
    # via compressed-tensors
markdown==3.10.2
    # via tensorboard
markdown-it-py==4.2.0
    # via rich
markupsafe==3.0.3
    # via
    #   jinja2
    #   werkzeug
mathruler==0.1.0
    # via verl (pyproject.toml)
mbridge @ git+https://github.com/ISEEKYAN/mbridge.git@641a5a01de71080b2200d10e369090e40c9a351c
    # via verl (pyproject.toml)
mcp==1.27.2
    # via vllm
mdurl==0.1.2
    # via markdown-it-py
mistral-common==1.11.3
    # via vllm
ml-dtypes==0.5.4
    # via tilelang
model-hosting-container-standards==0.1.15
    # via vllm
mpmath==1.3.0
    # via sympy
msgpack==1.1.2
    # via ray
msgspec==0.21.1
    # via vllm
multidict==6.7.1
    # via
    #   aiohttp
    #   yarl
multiprocess==0.70.19
    # via datasets
networkx==3.6.1
    # via torch
ninja==1.13.0
    # via
    #   flashinfer-python
    #   vllm
numba==0.65.0
    # via vllm
numpy==2.4.6
    # via
    #   --override (workspace)
    #   verl (pyproject.toml)
    #   accelerate
    #   cuda-core
    #   datasets
    #   flashinfer-python
    #   gguf
    #   mistral-common
    #   ml-dtypes
    #   numba
    #   nvidia-cutlass-dsl-libs-base
    #   opencv-python-headless
    #   pandas
    #   peft
    #   tensorboard
    #   tensordict
    #   tilelang
    #   torchvision
    #   transformers
    #   vllm
    #   xgrammar
nvidia-cublas==13.1.0.3
    # via
    #   cuda-toolkit
    #   nvidia-cudnn-cu13
    #   nvidia-cusolver
nvidia-cuda-cupti==13.0.85
    # via cuda-toolkit
nvidia-cuda-nvrtc==13.0.88
    # via cuda-toolkit
nvidia-cuda-runtime==13.0.96
    # via cuda-toolkit
nvidia-cudnn-cu13==9.19.0.56
    # via torch
nvidia-cudnn-frontend==1.18.0
    # via
    #   flashinfer-python
    #   vllm
nvidia-cufft==12.0.0.61
    # via cuda-toolkit
nvidia-cufile==1.15.1.6
    # via cuda-toolkit
nvidia-curand==10.4.0.35
    # via cuda-toolkit
nvidia-cusolver==12.0.4.66
    # via cuda-toolkit
nvidia-cusparse==12.6.3.3
    # via
    #   cuda-toolkit
    #   nvidia-cusolver
nvidia-cusparselt-cu13==0.8.0
    # via torch
nvidia-cutlass-dsl==4.5.2
    # via
    #   flashinfer-python
    #   quack-kernels
    #   vllm
nvidia-cutlass-dsl-libs-base==4.5.2
    # via nvidia-cutlass-dsl
nvidia-ml-py==13.610.43
    # via flashinfer-python
nvidia-nccl-cu13==2.28.9
    # via torch
nvidia-nvjitlink==13.0.88
    # via
    #   cuda-toolkit
    #   nvidia-cufft
    #   nvidia-cusolver
    #   nvidia-cusparse
nvidia-nvshmem-cu13==3.4.5
    # via torch
nvidia-nvtx==13.0.85
    # via cuda-toolkit
nvtx==0.2.15
    # via verl (pyproject.toml)
omegaconf==2.3.0
    # via hydra-core
openai==2.41.0
    # via vllm
openai-harmony==0.0.8
    # via vllm
opencensus==0.11.4
    # via ray
opencensus-context==0.1.3
    # via opencensus
opencv-python-headless==4.13.0.92
    # via
    #   mistral-common
    #   vllm
opentelemetry-api==1.42.1
    # via
    #   opentelemetry-exporter-otlp-proto-grpc
    #   opentelemetry-exporter-otlp-proto-http
    #   opentelemetry-exporter-prometheus
    #   opentelemetry-sdk
    #   opentelemetry-semantic-conventions
    #   vllm
opentelemetry-exporter-otlp==1.42.1
    # via vllm
opentelemetry-exporter-otlp-proto-common==1.42.1
    # via
    #   opentelemetry-exporter-otlp-proto-grpc
    #   opentelemetry-exporter-otlp-proto-http
opentelemetry-exporter-otlp-proto-grpc==1.42.1
    # via opentelemetry-exporter-otlp
opentelemetry-exporter-otlp-proto-http==1.42.1
    # via opentelemetry-exporter-otlp
opentelemetry-exporter-prometheus==0.63b1
    # via ray
opentelemetry-proto==1.42.1
    # via
    #   opentelemetry-exporter-otlp-proto-common
    #   opentelemetry-exporter-otlp-proto-grpc
    #   opentelemetry-exporter-otlp-proto-http
    #   ray
opentelemetry-sdk==1.42.1
    # via
    #   opentelemetry-exporter-otlp-proto-grpc
    #   opentelemetry-exporter-otlp-proto-http
    #   opentelemetry-exporter-prometheus
    #   opentelemetry-semantic-conventions-ai
    #   ray
    #   vllm
opentelemetry-semantic-conventions==0.63b1
    # via
    #   opentelemetry-sdk
    #   opentelemetry-semantic-conventions-ai
opentelemetry-semantic-conventions-ai==0.5.1
    # via vllm
orjson==3.11.9
    # via tensordict
outlines-core==0.2.14
    # via vllm
packaging==25.0
    # via
    #   verl (pyproject.toml)
    #   accelerate
    #   datasets
    #   flashinfer-python
    #   huggingface-hub
    #   hydra-core
    #   lm-format-enforcer
    #   peft
    #   pytest
    #   pytest-rerunfailures
    #   pyvers
    #   qwen-vl-utils
    #   ray
    #   tensorboard
    #   tensordict
    #   transformers
    #   wandb
pandas==3.0.3
    # via
    #   verl (pyproject.toml)
    #   datasets
partial-json-parser==0.2.1.1.post7
    # via vllm
peft==0.19.1
    # via verl (pyproject.toml)
pillow==12.2.0
    # via
    #   mistral-common
    #   qwen-vl-utils
    #   tensorboard
    #   torchvision
    #   vllm
platformdirs==4.10.0
    # via
    #   python-discovery
    #   virtualenv
    #   wandb
pluggy==1.6.0
    # via pytest
prometheus-client==0.25.0
    # via
    #   opentelemetry-exporter-prometheus
    #   prometheus-fastapi-instrumentator
    #   ray
    #   vllm
prometheus-fastapi-instrumentator==8.0.0
    # via vllm
propcache==0.5.2
    # via
    #   aiohttp
    #   yarl
proto-plus==1.28.0
    # via google-api-core
protobuf==6.33.6
    # via
    #   google-api-core
    #   googleapis-common-protos
    #   opentelemetry-proto
    #   proto-plus
    #   ray
    #   tensorboard
    #   vllm
    #   wandb
psutil==7.2.2
    # via
    #   accelerate
    #   peft
    #   tilelang
    #   vllm
py-cpuinfo==9.0.0
    # via vllm
py-spy==0.4.2
    # via ray
pyarrow==24.0.0
    # via
    #   verl (pyproject.toml)
    #   datasets
pyasn1==0.6.3
    # via pyasn1-modules
pyasn1-modules==0.4.2
    # via google-auth
pybase64==1.4.3
    # via vllm
pybind11==3.0.4
    # via verl (pyproject.toml)
pycountry==26.2.16
    # via pydantic-extra-types
pycparser==3.0
    # via cffi
pydantic==2.13.4
    # via
    #   anthropic
    #   compressed-tensors
    #   fastapi
    #   fastapi-cloud-cli
    #   lm-format-enforcer
    #   mcp
    #   mistral-common
    #   model-hosting-container-standards
    #   openai
    #   openai-harmony
    #   pydantic-extra-types
    #   pydantic-settings
    #   ray
    #   vllm
    #   wandb
    #   xgrammar
pydantic-core==2.46.4
    # via pydantic
pydantic-extra-types==2.11.1
    # via
    #   fastapi
    #   mistral-common
pydantic-settings==2.14.1
    # via
    #   fastapi
    #   mcp
pygments==2.20.0
    # via
    #   pytest
    #   rich
pyjwt==2.13.0
    # via mcp
pylatexenc==2.10
    # via verl (pyproject.toml)
pytest==9.0.3
    # via
    #   verl (pyproject.toml)
    #   pytest-asyncio
    #   pytest-rerunfailures
pytest-asyncio==1.4.0
    # via verl (pyproject.toml)
pytest-rerunfailures==16.3
    # via verl (pyproject.toml)
python-dateutil==2.9.0.post0
    # via pandas
python-discovery==1.4.0
    # via virtualenv
python-dotenv==1.2.2
    # via
    #   pydantic-settings
    #   uvicorn
python-json-logger==4.1.0
    # via vllm
python-multipart==0.0.32
    # via
    #   fastapi
    #   mcp
pyvers==0.1.0
    # via tensordict
pyyaml==6.0.3
    # via
    #   accelerate
    #   datasets
    #   gguf
    #   huggingface-hub
    #   lm-format-enforcer
    #   omegaconf
    #   peft
    #   ray
    #   transformers
    #   uvicorn
    #   vllm
    #   wandb
pyzmq==27.1.0
    # via vllm
quack-kernels==0.5.0
    # via vllm
qwen-vl-utils==0.0.14
    # via verl (pyproject.toml)
ray==2.55.1
    # via verl (pyproject.toml)
referencing==0.37.0
    # via
    #   jsonschema
    #   jsonschema-specifications
regex==2026.5.9
    # via
    #   tiktoken
    #   transformers
    #   vllm
requests==2.34.2
    # via
    #   datasets
    #   flashinfer-python
    #   gguf
    #   google-api-core
    #   mistral-common
    #   opentelemetry-exporter-otlp-proto-http
    #   qwen-vl-utils
    #   ray
    #   tiktoken
    #   torchdata
    #   vllm
    #   wandb
rich==15.0.0
    # via
    #   rich-toolkit
    #   typer
rich-toolkit==0.20.1
    # via
    #   fastapi-cli
    #   fastapi-cloud-cli
rignore==0.7.6
    # via fastapi-cloud-cli
rpds-py==2026.5.1
    # via
    #   jsonschema
    #   referencing
safetensors==0.7.0
    # via
    #   accelerate
    #   peft
    #   transformers
sentencepiece==0.2.1
    # via vllm
sentry-sdk==2.61.1
    # via
    #   fastapi-cloud-cli
    #   wandb
setproctitle==1.3.7
    # via vllm
setuptools==80.10.2
    # via
    #   model-hosting-container-standards
    #   tensorboard
    #   torch
    #   vllm
shellingham==1.5.4
    # via typer
six==1.17.0
    # via
    #   opencensus
    #   python-dateutil
    #   vllm
smart-open==7.6.1
    # via ray
smmap==5.0.3
    # via gitdb
sniffio==1.3.1
    # via
    #   anthropic
    #   openai
sse-starlette==3.4.4
    # via mcp
starlette==1.2.1
    # via
    #   fastapi
    #   mcp
    #   model-hosting-container-standards
    #   prometheus-fastapi-instrumentator
    #   sse-starlette
supervisor==4.3.0
    # via model-hosting-container-standards
sympy==1.14.0
    # via torch
tabulate==0.10.0
    # via flashinfer-python
tensorboard==2.20.0
    # via verl (pyproject.toml)
tensorboard-data-server==0.7.2
    # via tensorboard
tensordict==0.10.0
    # via verl (pyproject.toml)
tiktoken==0.13.0
    # via
    #   mistral-common
    #   vllm
tilelang==0.1.9
    # via vllm
tokenizers==0.22.2
    # via
    #   transformers
    #   vllm
torch==2.11.0+cu130
    # via
    #   verl (pyproject.toml)
    #   accelerate
    #   compressed-tensors
    #   flashinfer-python
    #   peft
    #   quack-kernels
    #   tensordict
    #   tilelang
    #   torch-c-dlpack-ext
    #   torchdata
    #   torchvision
    #   vllm
    #   xgrammar
torch-c-dlpack-ext==0.1.5
    # via
    #   quack-kernels
    #   tilelang
torchaudio==2.11.0+cu130
    # via
    #   verl (pyproject.toml)
    #   vllm
torchdata==0.11.0
    # via verl (pyproject.toml)
torchvision==0.26.0+cu130
    # via
    #   verl (pyproject.toml)
    #   vllm
tqdm==4.68.1
    # via
    #   datasets
    #   flashinfer-python
    #   gguf
    #   huggingface-hub
    #   openai
    #   peft
    #   tilelang
    #   transformers
    #   vllm
transformers==5.3.0
    # via
    #   --override (workspace)
    #   verl (pyproject.toml)
    #   compressed-tensors
    #   peft
    #   vllm
    #   xgrammar
triton==3.6.0
    # via
    #   torch
    #   xgrammar
typer==0.25.1
    # via
    #   fastapi-cli
    #   fastapi-cloud-cli
    #   fastsafetensors
    #   huggingface-hub
    #   transformers
typing-extensions==4.15.0
    # via
    #   aiohttp
    #   aiosignal
    #   anthropic
    #   anyio
    #   apache-tvm-ffi
    #   cuda-tile
    #   fastapi
    #   grpcio
    #   huggingface-hub
    #   mcp
    #   mistral-common
    #   nvidia-cutlass-dsl-libs-base
    #   openai
    #   opentelemetry-api
    #   opentelemetry-exporter-otlp-proto-grpc
    #   opentelemetry-exporter-otlp-proto-http
    #   opentelemetry-sdk
    #   opentelemetry-semantic-conventions
    #   pydantic
    #   pydantic-core
    #   pydantic-extra-types
    #   pytest-asyncio
    #   referencing
    #   rich-toolkit
    #   starlette
    #   tilelang
    #   torch
    #   typing-inspection
    #   vllm
    #   wandb
    #   xgrammar
typing-inspection==0.4.2
    # via
    #   fastapi
    #   mcp
    #   pydantic
    #   pydantic-settings
urllib3==2.7.0
    # via
    #   requests
    #   sentry-sdk
    #   torchdata
uvicorn==0.49.0
    # via
    #   verl (pyproject.toml)
    #   fastapi
    #   fastapi-cli
    #   fastapi-cloud-cli
    #   mcp
uvloop==0.22.1
    # via uvicorn
virtualenv==21.4.2
    # via ray
vllm==0.20.2
    # via verl (pyproject.toml)
wandb==0.27.2
    # via verl (pyproject.toml)
watchfiles==1.2.0
    # via
    #   uvicorn
    #   vllm
websockets==16.0
    # via uvicorn
werkzeug==3.1.8
    # via tensorboard
wrapt==2.2.1
    # via smart-open
xgrammar==0.2.1
    # via vllm
xxhash==3.7.0
    # via datasets
yarl==1.24.2
    # via aiohttp
z3-solver==4.15.4.0
    # via tilelang
zipp==4.1.0
    # via importlib-metadata
